// !$*UTF8*$!
{
	archiveVersion = 1;
	classes = {
	};
	objectVersion = 48;
	objects = {

/* Begin PBXBuildFile section */
		5BF7C2A220873A580074D374 /* testDeanmic.h in Headers */ = {isa = PBXBuildFile; fileRef = 5BF7C2A020873A580074D374 /* testDeanmic.h */; settings = {ATTRIBUTES = (Public, ); }; };
		5BF7C2BE20873F290074D374 /* AppDelegate.h in Headers */ = {isa = PBXBuildFile; fileRef = 5BF7C2AA20873F290074D374 /* AppDelegate.h */; };
		5BF7C2BF20873F290074D374 /* AppDelegate.m in Sources */ = {isa = PBXBuildFile; fileRef = 5BF7C2AB20873F290074D374 /* AppDelegate.m */; };
		5BF7C2C020873F290074D374 /* Assets.xcassets in Resources */ = {isa = PBXBuildFile; fileRef = 5BF7C2AC20873F290074D374 /* Assets.xcassets */; };
		5BF7C2C120873F290074D374 /* LaunchScreen.storyboard in Resources */ = {isa = PBXBuildFile; fileRef = 5BF7C2AD20873F290074D374 /* LaunchScreen.storyboard */; };
		5BF7C2C220873F290074D374 /* Main.storyboard in Resources */ = {isa = PBXBuildFile; fileRef = 5BF7C2AF20873F290074D374 /* Main.storyboard */; };
		5BF7C2C320873F290074D374 /* Info.plist in Resources */ = {isa = PBXBuildFile; fileRef = 5BF7C2B120873F290074D374 /* Info.plist */; };
		5BF7C2C420873F290074D374 /* main.m in Sources */ = {isa = PBXBuildFile; fileRef = 5BF7C2B220873F290074D374 /* main.m */; };
		5BF7C2C520873F290074D374 /* libMTYMathTools.a in Frameworks */ = {isa = PBXBuildFile; fileRef = 5BF7C2B420873F290074D374 /* libMTYMathTools.a */; };
		5BF7C2C620873F290074D374 /* MTYMathTools.h in Headers */ = {isa = PBXBuildFile; fileRef = 5BF7C2B520873F290074D374 /* MTYMathTools.h */; };
		5BF7C2C720873F290074D374 /* ViewController.h in Headers */ = {isa = PBXBuildFile; fileRef = 5BF7C2B620873F290074D374 /* ViewController.h */; };
		5BF7C2C820873F290074D374 /* ViewController.m in Sources */ = {isa = PBXBuildFile; fileRef = 5BF7C2B720873F290074D374 /* ViewController.m */; };
/* End PBXBuildFile section */

/* Begin PBXContainerItemProxy section */
		5BF7C2BC20873F290074D374 /* PBXContainerItemProxy */ = {
			isa = PBXContainerItemProxy;
			containerPortal = 5BF7C2B820873F290074D374 /* test.xcodeproj */;
			proxyType = 2;
			remoteGlobalIDString = 5BF7C276208738E70074D374;
			remoteInfo = test;
		};
/* End PBXContainerItemProxy section */

/* Begin PBXFileReference section */
		5BF7C29D20873A580074D374 /* testDeanmic.framework */ = {isa = PBXFileReference; explicitFileType = wrapper.framework; includeInIndex = 0; path = testDeanmic.framework; sourceTree = BUILT_PRODUCTS_DIR; };
		5BF7C2A020873A580074D374 /* testDeanmic.h */ = {isa = PBXFileReference; lastKnownFileType = sourcecode.c.h; path = testDeanmic.h; sourceTree = "<group>"; };
		5BF7C2A120873A580074D374 /* Info.plist */ = {isa = PBXFileReference; lastKnownFileType = text.plist.xml; path = Info.plist; sourceTree = "<group>"; };
		5BF7C2AA20873F290074D374 /* AppDelegate.h */ = {isa = PBXFileReference; fileEncoding = 4; lastKnownFileType = sourcecode.c.h; path = AppDelegate.h; sourceTree = "<group>"; };
		5BF7C2AB20873F290074D374 /* AppDelegate.m */ = {isa = PBXFileReference; fileEncoding = 4; lastKnownFileType = sourcecode.c.objc; path = AppDelegate.m; sourceTree = "<group>"; };
		5BF7C2AC20873F290074D374 /* Assets.xcassets */ = {isa = PBXFileReference; lastKnownFileType = folder.assetcatalog; path = Assets.xcassets; sourceTree = "<group>"; };
		5BF7C2AE20873F290074D374 /* Base */ = {isa = PBXFileReference; lastKnownFileType = file.storyboard; name = Base; path = Base.lproj/LaunchScreen.storyboard; sourceTree = "<group>"; };
		5BF7C2B020873F290074D374 /* Base */ = {isa = PBXFileReference; lastKnownFileType = file.storyboard; name = Base; path = Base.lproj/Main.storyboard; sourceTree = "<group>"; };
		5BF7C2B120873F290074D374 /* Info.plist */ = {isa = PBXFileReference; fileEncoding = 4; lastKnownFileType = text.plist.xml; path = Info.plist; sourceTree = "<group>"; };
		5BF7C2B220873F290074D374 /* main.m */ = {isa = PBXFileReference; fileEncoding = 4; lastKnownFileType = sourcecode.c.objc; path = main.m; sourceTree = "<group>"; };
		5BF7C2B420873F290074D374 /* libMTYMathTools.a */ = {isa = PBXFileReference; lastKnownFileType = archive.ar; path = libMTYMathTools.a; sourceTree = "<group>"; };
		5BF7C2B520873F290074D374 /* MTYMathTools.h */ = {isa = PBXFileReference; fileEncoding = 4; lastKnownFileType = sourcecode.c.h; path = MTYMathTools.h; sourceTree = "<group>"; };
		5BF7C2B620873F290074D374 /* ViewController.h */ = {isa = PBXFileReference; fileEncoding = 4; lastKnownFileType = sourcecode.c.h; path = ViewController.h; sourceTree = "<group>"; };
		5BF7C2B720873F290074D374 /* ViewController.m */ = {isa = PBXFileReference; fileEncoding = 4; lastKnownFileType = sourcecode.c.objc; path = ViewController.m; sourceTree = "<group>"; };
		5BF7C2B820873F290074D374 /* test.xcodeproj */ = {isa = PBXFileReference; lastKnownFileType = "wrapper.pb-project"; path = test.xcodeproj; sourceTree = "<group>"; };
/* End PBXFileReference section */

/* Begin PBXFrameworksBuildPhase section */
		5BF7C29920873A580074D374 /* Frameworks */ = {
			isa = PBXFrameworksBuildPhase;
			buildActionMask = 2147483647;
			files = (
				5BF7C2C520873F290074D374 /* libMTYMathTools.a in Frameworks */,
			);
			runOnlyForDeploymentPostprocessing = 0;
		};
/* End PBXFrameworksBuildPhase section */

/* Begin PBXGroup section */
		5BF7C29320873A580074D374 = {
			isa = PBXGroup;
			children = (
				5BF7C2A820873F290074D374 /* test */,
				5BF7C29F20873A580074D374 /* testDeanmic */,
				5BF7C29E20873A580074D374 /* Products */,
			);
			sourceTree = "<group>";
		};
		5BF7C29E20873A580074D374 /* Products */ = {
			isa = PBXGroup;
			children = (
				5BF7C29D20873A580074D374 /* testDeanmic.framework */,
			);
			name = Products;
			sourceTree = "<group>";
		};
		5BF7C29F20873A580074D374 /* testDeanmic */ = {
			isa = PBXGroup;
			children = (
				5BF7C2A020873A580074D374 /* testDeanmic.h */,
				5BF7C2A120873A580074D374 /* Info.plist */,
			);
			path = testDeanmic;
			sourceTree = "<group>";
		};
		5BF7C2A820873F290074D374 /* test */ = {
			isa = PBXGroup;
			children = (
				5BF7C2A920873F290074D374 /* test */,
				5BF7C2B820873F290074D374 /* test.xcodeproj */,
			);
			path = test;
			sourceTree = "<group>";
		};
		5BF7C2A920873F290074D374 /* test */ = {
			isa = PBXGroup;
			children = (
				5BF7C2AA20873F290074D374 /* AppDelegate.h */,
				5BF7C2AB20873F290074D374 /* AppDelegate.m */,
				5BF7C2AC20873F290074D374 /* Assets.xcassets */,
				5BF7C2AD20873F290074D374 /* LaunchScreen.storyboard */,
				5BF7C2AF20873F290074D374 /* Main.storyboard */,
				5BF7C2B120873F290074D374 /* Info.plist */,
				5BF7C2B220873F290074D374 /* main.m */,
				5BF7C2B320873F290074D374 /* MYMathTool */,
				5BF7C2B620873F290074D374 /* ViewController.h */,
				5BF7C2B720873F290074D374 /* ViewController.m */,
			);
			path = test;
			sourceTree = "<group>";
		};
		5BF7C2B320873F290074D374 /* MYMathTool */ = {
			isa = PBXGroup;
			children = (
				5BF7C2B420873F290074D374 /* libMTYMathTools.a */,
				5BF7C2B520873F290074D374 /* MTYMathTools.h */,
			);
			path = MYMathTool;
			sourceTree = "<group>";
		};
		5BF7C2B920873F290074D374 /* Products */ = {
			isa = PBXGroup;
			children = (
				5BF7C2BD20873F290074D374 /* test.app */,
			);
			name = Products;
			sourceTree = "<group>";
		};
/* End PBXGroup section */

/* Begin PBXHeadersBuildPhase section */
		5BF7C29A20873A580074D374 /* Headers */ = {
			isa = PBXHeadersBuildPhase;
			buildActionMask = 2147483647;
			files = (
				5BF7C2C620873F290074D374 /* MTYMathTools.h in Headers */,
				5BF7C2C720873F290074D374 /* ViewController.h in Headers */,
				5BF7C2A220873A580074D374 /* testDeanmic.h in Headers */,
				5BF7C2BE20873F290074D374 /* AppDelegate.h in Headers */,
			);
			runOnlyForDeploymentPostprocessing = 0;
		};
/* End PBXHeadersBuildPhase section */

/* Begin PBXNativeTarget section */
		5BF7C29C20873A580074D374 /* testDeanmic */ = {
			isa = PBXNativeTarget;
			buildConfigurationList = 5BF7C2A520873A580074D374 /* Build configuration list for PBXNativeTarget "testDeanmic" */;
			buildPhases = (
				5BF7C29820873A580074D374 /* Sources */,
				5BF7C29920873A580074D374 /* Frameworks */,
				5BF7C29A20873A580074D374 /* Headers */,
				5BF7C29B20873A580074D374 /* Resources */,
			);
			buildRules = (
			);
			dependencies = (
			);
			name = testDeanmic;
			productName = testDeanmic;
			productReference = 5BF7C29D20873A580074D374 /* testDeanmic.framework */;
			productType = "com.apple.product-type.framework";
		};
/* End PBXNativeTarget section */

/* Begin PBXProject section */
		5BF7C29420873A580074D374 /* Project object */ = {
			isa = PBXProject;
			attributes = {
				LastUpgradeCheck = 0920;
				ORGANIZATIONNAME = CrowForRui;
				TargetAttributes = {
					5BF7C29C20873A580074D374 = {
						CreatedOnToolsVersion = 9.2;
						ProvisioningStyle = Automatic;
					};
				};
			};
			buildConfigurationList = 5BF7C29720873A580074D374 /* Build configuration list for PBXProject "testDeanmic" */;
			compatibilityVersion = "Xcode 8.0";
			developmentRegion = en;
			hasScannedForEncodings = 0;
			knownRegions = (
				en,
				Base,
			);
			mainGroup = 5BF7C29320873A580074D374;
			productRefGroup = 5BF7C29E20873A580074D374 /* Products */;
			projectDirPath = "";
			projectReferences = (
				{
					ProductGroup = 5BF7C2B920873F290074D374 /* Products */;
					ProjectRef = 5BF7C2B820873F290074D374 /* test.xcodeproj */;
				},
			);
			projectRoot = "";
			targets = (
				5BF7C29C20873A580074D374 /* testDeanmic */,
			);
		};
/* End PBXProject section */

/* Begin PBXReferenceProxy section */
		5BF7C2BD20873F290074D374 /* test.app */ = {
			isa = PBXReferenceProxy;
			fileType = wrapper.application;
			path = test.app;
			remoteRef = 5BF7C2BC20873F290074D374 /* PBXContainerItemProxy */;
			sourceTree = BUILT_PRODUCTS_DIR;
		};
/* End PBXReferenceProxy section */

/* Begin PBXResourcesBuildPhase section */
		5BF7C29B20873A580074D374 /* Resources */ = {
			isa = PBXResourcesBuildPhase;
			buildActionMask = 2147483647;
			files = (
				5BF7C2C320873F290074D374 /* Info.plist in Resources */,
				5BF7C2C220873F290074D374 /* Main.storyboard in Resources */,
				5BF7C2C020873F290074D374 /* Assets.xcassets in Resources */,
				5BF7C2C120873F290074D374 /* LaunchScreen.storyboard in Resources */,
			);
			runOnlyForDeploymentPostprocessing = 0;
		};
/* End PBXResourcesBuildPhase section */

/* Begin PBXSourcesBuildPhase section */
		5BF7C29820873A580074D374 /* Sources */ = {
			isa = PBXSourcesBuildPhase;
			buildActionMask = 2147483647;
			files = (
				5BF7C2C820873F290074D374 /* ViewController.m in Sources */,
				5BF7C2C420873F290074D374 /* main.m in Sources */,
				5BF7C2BF20873F290074D374 /* AppDelegate.m in Sources */,
			);
			runOnlyForDeploymentPostprocessing = 0;
		};
/* End PBXSourcesBuildPhase section */

/* Begin PBXVariantGroup section */
		5BF7C2AD20873F290074D374 /* LaunchScreen.storyboard */ = {
			isa = PBXVariantGroup;
			children = (
				5BF7C2AE20873F290074D374 /* Base */,
			);
			name = LaunchScreen.storyboard;
			sourceTree = "<group>";
		};
		5BF7C2AF20873F290074D374 /* Main.storyboard */ = {
			isa = PBXVariantGroup;
			children = (
				5BF7C2B020873F290074D374 /* Base */,
			);
			name = Main.storyboard;
			sourceTree = "<group>";
		};
/* End PBXVariantGroup section */

/* Begin XCBuildConfiguration section */
		5BF7C2A320873A580074D374 /* Debug */ = {
			isa = XCBuildConfiguration;
			buildSettings = {
				ALWAYS_SEARCH_USER_PATHS = NO;
				CLANG_ANALYZER_NONNULL = YES;
				CLANG_ANALYZER_NUMBER_OBJECT_CONVERSION = YES_AGGRESSIVE;
				CLANG_CXX_LANGUAGE_STANDARD = "gnu++14";
				CLANG_CXX_LIBRARY = "libc++";
				CLANG_ENABLE_MODULES = YES;
				CLANG_ENABLE_OBJC_ARC = YES;
				CLANG_WARN_BLOCK_CAPTURE_AUTORELEASING = YES;
				CLANG_WARN_BOOL_CONVERSION = YES;
				CLANG_WARN_COMMA = YES;
				CLANG_WARN_CONSTANT_CONVERSION = YES;
				CLANG_WARN_DIRECT_OBJC_ISA_USAGE = YES_ERROR;
				CLANG_WARN_DOCUMENTATION_COMMENTS = YES;
				CLANG_WARN_EMPTY_BODY = YES;
				CLANG_WARN_ENUM_CONVERSION = YES;
				CLANG_WARN_INFINITE_RECURSION = YES;
				CLANG_WARN_INT_CONVERSION = YES;
				CLANG_WARN_NON_LITERAL_NULL_CONVERSION = YES;
				CLANG_WARN_OBJC_LITERAL_CONVERSION = YES;
				CLANG_WARN_OBJC_ROOT_CLASS = YES_ERROR;
				CLANG_WARN_RANGE_LOOP_ANALYSIS = YES;
				CLANG_WARN_STRICT_PROTOTYPES = YES;
				CLANG_WARN_SUSPICIOUS_MOVE = YES;
				CLANG_WARN_UNGUARDED_AVAILABILITY = YES_AGGRESSIVE;
				CLANG_WARN_UNREACHABLE_CODE = YES;
				CLANG_WARN__DUPLICATE_METHOD_MATCH = YES;
				CODE_SIGN_IDENTITY = "iPhone Developer";
				COPY_PHASE_STRIP = NO;
				CURRENT_PROJECT_VERSION = 1;
				DEBUG_INFORMATION_FORMAT = dwarf;
				ENABLE_STRICT_OBJC_MSGSEND = YES;
				ENABLE_TESTABILITY = YES;
				GCC_C_LANGUAGE_STANDARD = gnu11;
				GCC_DYNAMIC_NO_PIC = NO;
				GCC_NO_COMMON_BLOCKS = YES;
				GCC_OPTIMIZATION_LEVEL = 0;
				GCC_PREPROCESSOR_DEFINITIONS = (
					"DEBUG=1",
					"$(inherited)",
				);
				GCC_WARN_64_TO_32_BIT_CONVERSION = YES;
				GCC_WARN_ABOUT_RETURN_TYPE = YES_ERROR;
				GCC_WARN_UNDECLARED_SELECTOR = YES;
				GCC_WARN_UNINITIALIZED_AUTOS = YES_AGGRESSIVE;
				GCC_WARN_UNUSED_FUNCTION = YES;
				GCC_WARN_UNUSED_VARIABLE = YES;
				IPHONEOS_DEPLOYMENT_TARGET = 11.2;
				MTL_ENABLE_DEBUG_INFO = YES;
				ONLY_ACTIVE_ARCH = YES;
				SDKROOT = iphoneos;
				VERSIONING_SYSTEM = "apple-generic";
				VERSION_INFO_PREFIX = "";
			};
			name = Debug;
		};
		5BF7C2A420873A580074D374 /* Release */ = {
			isa = XCBuildConfiguration;
			buildSettings = {
				ALWAYS_SEARCH_USER_PATHS = NO;
				CLANG_ANALYZER_NONNULL = YES;
				CLANG_ANALYZER_NUMBER_OBJECT_CONVERSION = YES_AGGRESSIVE;
				CLANG_CXX_LANGUAGE_STANDARD = "gnu++14";
				CLANG_CXX_LIBRARY = "libc++";
				CLANG_ENABLE_MODULES = YES;
				CLANG_ENABLE_OBJC_ARC = YES;
				CLANG_WARN_BLOCK_CAPTURE_AUTORELEASING = YES;
				CLANG_WARN_BOOL_CONVERSION = YES;
				CLANG_WARN_COMMA = YES;
				CLANG_WARN_CONSTANT_CONVERSION = YES;
				CLANG_WARN_DIRECT_OBJC_ISA_USAGE = YES_ERROR;
				CLANG_WARN_DOCUMENTATION_COMMENTS = YES;
				CLANG_WARN_EMPTY_BODY = YES;
				CLANG_WARN_ENUM_CONVERSION = YES;
				CLANG_WARN_INFINITE_RECURSION = YES;
				CLANG_WARN_INT_CONVERSION = YES;
				CLANG_WARN_NON_LITERAL_NULL_CONVERSION = YES;
				CLANG_WARN_OBJC_LITERAL_CONVERSION = YES;
				CLANG_WARN_OBJC_ROOT_CLASS = YES_ERROR;
				CLANG_WARN_RANGE_LOOP_ANALYSIS = YES;
				CLANG_WARN_STRICT_PROTOTYPES = YES;
				CLANG_WARN_SUSPICIOUS_MOVE = YES;
				CLANG_WARN_UNGUARDED_AVAILABILITY = YES_AGGRESSIVE;
				CLANG_WARN_UNREACHABLE_CODE = YES;
				CLANG_WARN__DUPLICATE_METHOD_MATCH = YES;
				CODE_SIGN_IDENTITY = "iPhone Developer";
				COPY_PHASE_STRIP = NO;
				CURRENT_PROJECT_VERSION = 1;
				DEBUG_INFORMATION_FORMAT = "dwarf-with-dsym";
				ENABLE_NS_ASSERTIONS = NO;
				ENABLE_STRICT_OBJC_MSGSEND = YES;
				GCC_C_LANGUAGE_STANDARD = gnu11;
				GCC_NO_COMMON_BLOCKS = YES;
				GCC_WARN_64_TO_32_BIT_CONVERSION = YES;
				GCC_WARN_ABOUT_RETURN_TYPE = YES_ERROR;
				GCC_WARN_UNDECLARED_SELECTOR = YES;
				GCC_WARN_UNINITIALIZED_AUTOS = YES_AGGRESSIVE;
				GCC_WARN_UNUSED_FUNCTION = YES;
				GCC_WARN_UNUSED_VARIABLE = YES;
				IPHONEOS_DEPLOYMENT_TARGET = 11.2;
				MTL_ENABLE_DEBUG_INFO = NO;
				SDKROOT = iphoneos;
				VALIDATE_PRODUCT = YES;
				VERSIONING_SYSTEM = "apple-generic";
				VERSION_INFO_PREFIX = "";
			};
			name = Release;
		};
		5BF7C2A620873A580074D374 /* Debug */ = {
			isa = XCBuildConfiguration;
			buildSettings = {
				CODE_SIGN_IDENTITY = "";
				CODE_SIGN_STYLE = Automatic;
				DEFINES_MODULE = YES;
				DEVELOPMENT_TEAM = DJVT6ANSQG;
				DYLIB_COMPATIBILITY_VERSION = 1;
				DYLIB_CURRENT_VERSION = 1;
				DYLIB_INSTALL_NAME_BASE = "@rpath";
				INFOPLIST_FILE = testDeanmic/Info.plist;
				INSTALL_PATH = "$(LOCAL_LIBRARY_DIR)/Frameworks";
				LD_RUNPATH_SEARCH_PATHS = "$(inherited) @executable_path/Frameworks @loader_path/Frameworks";
				LIBRARY_SEARCH_PATHS = (
					"$(inherited)",
					"$(PROJECT_DIR)/test/test/MYMathTool",
				);
				PRODUCT_BUNDLE_IDENTIFIER = com.656565.testDeanmic;
				PRODUCT_NAME = "$(TARGET_NAME:c99extidentifier)";
				SKIP_INSTALL = YES;
				TARGETED_DEVICE_FAMILY = "1,2";
			};
			name = Debug;
		};
		5BF7C2A720873A580074D374 /* Release */ = {
			isa = XCBuildConfiguration;
			buildSettings = {
				CODE_SIGN_IDENTITY = "";
				CODE_SIGN_STYLE = Automatic;
				DEFINES_MODULE = YES;
				DEVELOPMENT_TEAM = DJVT6ANSQG;
				DYLIB_COMPATIBILITY_VERSION = 1;
				DYLIB_CURRENT_VERSION = 1;
				DYLIB_INSTALL_NAME_BASE = "@rpath";
				INFOPLIST_FILE = testDeanmic/Info.plist;
				INSTALL_PATH = "$(LOCAL_LIBRARY_DIR)/Frameworks";
				LD_RUNPATH_SEARCH_PATHS = "$(inherited) @executable_path/Frameworks @loader_path/Frameworks";
				LIBRARY_SEARCH_PATHS = (
					"$(inherited)",
					"$(PROJECT_DIR)/test/test/MYMathTool",
				);
				PRODUCT_BUNDLE_IDENTIFIER = com.656565.testDeanmic;
				PRODUCT_NAME = "$(TARGET_NAME:c99extidentifier)";
				SKIP_INSTALL = YES;
				TARGETED_DEVICE_FAMILY = "1,2";
			};
			name = Release;
		};
/* End XCBuildConfiguration section */

/* Begin XCConfigurationList section */
		5BF7C29720873A580074D374 /* Build configuration list for PBXProject "testDeanmic" */ = {
			isa = XCConfigurationList;
			buildConfigurations = (
				5BF7C2A320873A580074D374 /* Debug */,
				5BF7C2A420873A580074D374 /* Release */,
			);
			defaultConfigurationIsVisible = 0;
			defaultConfigurationName = Release;
		};
		5BF7C2A520873A580074D374 /* Build configuration list for PBXNativeTarget "testDeanmic" */ = {
			isa = XCConfigurationList;
			buildConfigurations = (
				5BF7C2A620873A580074D374 /* Debug */,
				5BF7C2A720873A580074D374 /* Release */,
			);
			defaultConfigurationIsVisible = 0;
			defaultConfigurationName = Release;
		};
/* End XCConfigurationList section */
	};
	rootObject = 5BF7C29420873A580074D374 /* Project object */;
}
